// !$*UTF8*$!
{
	archiveVersion = 1;
	classes = {
	};
	objectVersion = 48;
	objects = {

/* Begin PBXBuildFile section */
		EF2CB6C420AB876000AC35AB /* AppDelegate.swift in Sources */ = {isa = PBXBuildFile; fileRef = EF2CB6C320AB876000AC35AB /* AppDelegate.swift */; };
		EF2CB6C620AB876000AC35AB /* ViewController.swift in Sources */ = {isa = PBXBuildFile; fileRef = EF2CB6C520AB876000AC35AB /* ViewController.swift */; };
		EF2CB6C920AB876000AC35AB /* Main.storyboard in Resources */ = {isa = PBXBuildFile; fileRef = EF2CB6C720AB876000AC35AB /* Main.storyboard */; };
		EF2CB6CB20AB876000AC35AB /* Assets.xcassets in Resources */ = {isa = PBXBuildFile; fileRef = EF2CB6CA20AB876000AC35AB /* Assets.xcassets */; };
		EF2CB6CE20AB876000AC35AB /* LaunchScreen.storyboard in Resources */ = {isa = PBXBuildFile; fileRef = EF2CB6CC20AB876000AC35AB /* LaunchScreen.storyboard */; };
		EF2CB6D920AB8A6000AC35AB /* AEMovie.swift in Sources */ = {isa = PBXBuildFile; fileRef = EF2CB6D820AB8A6000AC35AB /* AEMovie.swift */; };
		EF2CB6DD20AB8B6D00AC35AB /* AENetworkManager.swift in Sources */ = {isa = PBXBuildFile; fileRef = EF2CB6DC20AB8B6D00AC35AB /* AENetworkManager.swift */; };
		EF2CB6E020AB971500AC35AB /* AEMovieTableViewCell.swift in Sources */ = {isa = PBXBuildFile; fileRef = EF2CB6DF20AB971500AC35AB /* AEMovieTableViewCell.swift */; };
		EF2CB6E320ABC27800AC35AB /* UIImageViewExtension.swift in Sources */ = {isa = PBXBuildFile; fileRef = EF2CB6E220ABC27800AC35AB /* UIImageViewExtension.swift */; };
		EF2CB6E620ABC9E100AC35AB /* AERatingLabel.swift in Sources */ = {isa = PBXBuildFile; fileRef = EF2CB6E520ABC9E100AC35AB /* AERatingLabel.swift */; };
		EF2CB6E820ABD03D00AC35AB /* UIColorExtension.swift in Sources */ = {isa = PBXBuildFile; fileRef = EF2CB6E720ABD03D00AC35AB /* UIColorExtension.swift */; };
		EF2CB6EA20AC6E7600AC35AB /* AELoadingView.swift in Sources */ = {isa = PBXBuildFile; fileRef = EF2CB6E920AC6E7600AC35AB /* AELoadingView.swift */; };
/* End PBXBuildFile section */

/* Begin PBXFileReference section */
		EF2CB6C020AB876000AC35AB /* Axios Excercise.app */ = {isa = PBXFileReference; explicitFileType = wrapper.application; includeInIndex = 0; path = "Axios Excercise.app"; sourceTree = BUILT_PRODUCTS_DIR; };
		EF2CB6C320AB876000AC35AB /* AppDelegate.swift */ = {isa = PBXFileReference; lastKnownFileType = sourcecode.swift; path = AppDelegate.swift; sourceTree = "<group>"; };
		EF2CB6C520AB876000AC35AB /* ViewController.swift */ = {isa = PBXFileReference; lastKnownFileType = sourcecode.swift; path = ViewController.swift; sourceTree = "<group>"; };
		EF2CB6C820AB876000AC35AB /* Base */ = {isa = PBXFileReference; lastKnownFileType = file.storyboard; name = Base; path = Base.lproj/Main.storyboard; sourceTree = "<group>"; };
		EF2CB6CA20AB876000AC35AB /* Assets.xcassets */ = {isa = PBXFileReference; lastKnownFileType = folder.assetcatalog; path = Assets.xcassets; sourceTree = "<group>"; };
		EF2CB6CD20AB876000AC35AB /* Base */ = {isa = PBXFileReference; lastKnownFileType = file.storyboard; name = Base; path = Base.lproj/LaunchScreen.storyboard; sourceTree = "<group>"; };
		EF2CB6CF20AB876000AC35AB /* Info.plist */ = {isa = PBXFileReference; lastKnownFileType = text.plist.xml; path = Info.plist; sourceTree = "<group>"; };
		EF2CB6D820AB8A6000AC35AB /* AEMovie.swift */ = {isa = PBXFileReference; lastKnownFileType = sourcecode.swift; path = AEMovie.swift; sourceTree = "<group>"; };
		EF2CB6DC20AB8B6D00AC35AB /* AENetworkManager.swift */ = {isa = PBXFileReference; lastKnownFileType = sourcecode.swift; path = AENetworkManager.swift; sourceTree = "<group>"; };
		EF2CB6DF20AB971500AC35AB /* AEMovieTableViewCell.swift */ = {isa = PBXFileReference; lastKnownFileType = sourcecode.swift; path = AEMovieTableViewCell.swift; sourceTree = "<group>"; };
		EF2CB6E220ABC27800AC35AB /* UIImageViewExtension.swift */ = {isa = PBXFileReference; lastKnownFileType = sourcecode.swift; path = UIImageViewExtension.swift; sourceTree = "<group>"; };
		EF2CB6E520ABC9E100AC35AB /* AERatingLabel.swift */ = {isa = PBXFileReference; lastKnownFileType = sourcecode.swift; path = AERatingLabel.swift; sourceTree = "<group>"; };
		EF2CB6E720ABD03D00AC35AB /* UIColorExtension.swift */ = {isa = PBXFileReference; lastKnownFileType = sourcecode.swift; path = UIColorExtension.swift; sourceTree = "<group>"; };
		EF2CB6E920AC6E7600AC35AB /* AELoadingView.swift */ = {isa = PBXFileReference; lastKnownFileType = sourcecode.swift; path = AELoadingView.swift; sourceTree = "<group>"; };
/* End PBXFileReference section */

/* Begin PBXFrameworksBuildPhase section */
		EF2CB6BD20AB875F00AC35AB /* Frameworks */ = {
			isa = PBXFrameworksBuildPhase;
			buildActionMask = 2147483647;
			files = (
			);
			runOnlyForDeploymentPostprocessing = 0;
		};
/* End PBXFrameworksBuildPhase section */

/* Begin PBXGroup section */
		EF2CB6B720AB875F00AC35AB = {
			isa = PBXGroup;
			children = (
				EF2CB6C220AB876000AC35AB /* Axios Excercise */,
				EF2CB6C120AB876000AC35AB /* Products */,
			);
			sourceTree = "<group>";
		};
		EF2CB6C120AB876000AC35AB /* Products */ = {
			isa = PBXGroup;
			children = (
				EF2CB6C020AB876000AC35AB /* Axios Excercise.app */,
			);
			name = Products;
			sourceTree = "<group>";
		};
		EF2CB6C220AB876000AC35AB /* Axios Excercise */ = {
			isa = PBXGroup;
			children = (
				EF2CB6E120ABC25C00AC35AB /* Extensions */,
				EF2CB6D720AB8A3400AC35AB /* Classes */,
				EF2CB6D620AB8A2A00AC35AB /* ViewControllers */,
				EF2CB6C320AB876000AC35AB /* AppDelegate.swift */,
				EF2CB6C720AB876000AC35AB /* Main.storyboard */,
				EF2CB6CA20AB876000AC35AB /* Assets.xcassets */,
				EF2CB6CC20AB876000AC35AB /* LaunchScreen.storyboard */,
				EF2CB6CF20AB876000AC35AB /* Info.plist */,
			);
			path = "Axios Excercise";
			sourceTree = "<group>";
		};
		EF2CB6D520AB8A1800AC35AB /* Views */ = {
			isa = PBXGroup;
			children = (
				EF2CB6E420ABC9BE00AC35AB /* Resuable components */,
				EF2CB6DE20AB96F600AC35AB /* Custom Cells */,
			);
			path = Views;
			sourceTree = "<group>";
		};
		EF2CB6D620AB8A2A00AC35AB /* ViewControllers */ = {
			isa = PBXGroup;
			children = (
				EF2CB6C520AB876000AC35AB /* ViewController.swift */,
			);
			path = ViewControllers;
			sourceTree = "<group>";
		};
		EF2CB6D720AB8A3400AC35AB /* Classes */ = {
			isa = PBXGroup;
			children = (
				EF2CB6DB20AB8B5C00AC35AB /* Managers */,
				EF2CB6DA20AB8B2F00AC35AB /* Business Objects */,
				EF2CB6D520AB8A1800AC35AB /* Views */,
			);
			path = Classes;
			sourceTree = "<group>";
		};
		EF2CB6DA20AB8B2F00AC35AB /* Business Objects */ = {
			isa = PBXGroup;
			children = (
				EF2CB6D820AB8A6000AC35AB /* AEMovie.swift */,
			);
			path = "Business Objects";
			sourceTree = "<group>";
		};
		EF2CB6DB20AB8B5C00AC35AB /* Managers */ = {
			isa = PBXGroup;
			children = (
				EF2CB6DC20AB8B6D00AC35AB /* AENetworkManager.swift */,
			);
			path = Managers;
			sourceTree = "<group>";
		};
		EF2CB6DE20AB96F600AC35AB /* Custom Cells */ = {
			isa = PBXGroup;
			children = (
				EF2CB6DF20AB971500AC35AB /* AEMovieTableViewCell.swift */,
			);
			path = "Custom Cells";
			sourceTree = "<group>";
		};
		EF2CB6E120ABC25C00AC35AB /* Extensions */ = {
			isa = PBXGroup;
			children = (
				EF2CB6E220ABC27800AC35AB /* UIImageViewExtension.swift */,
				EF2CB6E720ABD03D00AC35AB /* UIColorExtension.swift */,
			);
			path = Extensions;
			sourceTree = "<group>";
		};
		EF2CB6E420ABC9BE00AC35AB /* Resuable components */ = {
			isa = PBXGroup;
			children = (
				EF2CB6E520ABC9E100AC35AB /* AERatingLabel.swift */,
				EF2CB6E920AC6E7600AC35AB /* AELoadingView.swift */,
			);
			path = "Resuable components";
			sourceTree = "<group>";
		};
/* End PBXGroup section */

/* Begin PBXNativeTarget section */
		EF2CB6BF20AB875F00AC35AB /* Axios Excercise */ = {
			isa = PBXNativeTarget;
			buildConfigurationList = EF2CB6D220AB876000AC35AB /* Build configuration list for PBXNativeTarget "Axios Excercise" */;
			buildPhases = (
				EF2CB6BC20AB875F00AC35AB /* Sources */,
				EF2CB6BD20AB875F00AC35AB /* Frameworks */,
				EF2CB6BE20AB875F00AC35AB /* Resources */,
			);
			buildRules = (
			);
			dependencies = (
			);
			name = "Axios Excercise";
			productName = "Axios Excercise";
			productReference = EF2CB6C020AB876000AC35AB /* Axios Excercise.app */;
			productType = "com.apple.product-type.application";
		};
/* End PBXNativeTarget section */

/* Begin PBXProject section */
		EF2CB6B820AB875F00AC35AB /* Project object */ = {
			isa = PBXProject;
			attributes = {
				LastSwiftUpdateCheck = 0920;
				LastUpgradeCheck = 0920;
				ORGANIZATIONNAME = "Jake Dunahee";
				TargetAttributes = {
					EF2CB6BF20AB875F00AC35AB = {
						CreatedOnToolsVersion = 9.2;
						ProvisioningStyle = Automatic;
					};
				};
			};
			buildConfigurationList = EF2CB6BB20AB875F00AC35AB /* Build configuration list for PBXProject "Axios Excercise" */;
			compatibilityVersion = "Xcode 8.0";
			developmentRegion = en;
			hasScannedForEncodings = 0;
			knownRegions = (
				en,
				Base,
			);
			mainGroup = EF2CB6B720AB875F00AC35AB;
			productRefGroup = EF2CB6C120AB876000AC35AB /* Products */;
			projectDirPath = "";
			projectRoot = "";
			targets = (
				EF2CB6BF20AB875F00AC35AB /* Axios Excercise */,
			);
		};
/* End PBXProject section */

/* Begin PBXResourcesBuildPhase section */
		EF2CB6BE20AB875F00AC35AB /* Resources */ = {
			isa = PBXResourcesBuildPhase;
			buildActionMask = 2147483647;
			files = (
				EF2CB6CE20AB876000AC35AB /* LaunchScreen.storyboard in Resources */,
				EF2CB6CB20AB876000AC35AB /* Assets.xcassets in Resources */,
				EF2CB6C920AB876000AC35AB /* Main.storyboard in Resources */,
			);
			runOnlyForDeploymentPostprocessing = 0;
		};
/* End PBXResourcesBuildPhase section */

/* Begin PBXSourcesBuildPhase section */
		EF2CB6BC20AB875F00AC35AB /* Sources */ = {
			isa = PBXSourcesBuildPhase;
			buildActionMask = 2147483647;
			files = (
				EF2CB6DD20AB8B6D00AC35AB /* AENetworkManager.swift in Sources */,
				EF2CB6EA20AC6E7600AC35AB /* AELoadingView.swift in Sources */,
				EF2CB6D920AB8A6000AC35AB /* AEMovie.swift in Sources */,
				EF2CB6E320ABC27800AC35AB /* UIImageViewExtension.swift in Sources */,
				EF2CB6E820ABD03D00AC35AB /* UIColorExtension.swift in Sources */,
				EF2CB6E020AB971500AC35AB /* AEMovieTableViewCell.swift in Sources */,
				EF2CB6C620AB876000AC35AB /* ViewController.swift in Sources */,
				EF2CB6E620ABC9E100AC35AB /* AERatingLabel.swift in Sources */,
				EF2CB6C420AB876000AC35AB /* AppDelegate.swift in Sources */,
			);
			runOnlyForDeploymentPostprocessing = 0;
		};
/* End PBXSourcesBuildPhase section */

/* Begin PBXVariantGroup section */
		EF2CB6C720AB876000AC35AB /* Main.storyboard */ = {
			isa = PBXVariantGroup;
			children = (
				EF2CB6C820AB876000AC35AB /* Base */,
			);
			name = Main.storyboard;
			sourceTree = "<group>";
		};
		EF2CB6CC20AB876000AC35AB /* LaunchScreen.storyboard */ = {
			isa = PBXVariantGroup;
			children = (
				EF2CB6CD20AB876000AC35AB /* Base */,
			);
			name = LaunchScreen.storyboard;
			sourceTree = "<group>";
		};
/* End PBXVariantGroup section */

/* Begin XCBuildConfiguration section */
		EF2CB6D020AB876000AC35AB /* Debug */ = {
			isa = XCBuildConfiguration;
			buildSettings = {
				ALWAYS_SEARCH_USER_PATHS = NO;
				CLANG_ANALYZER_NONNULL = YES;
				CLANG_ANALYZER_NUMBER_OBJECT_CONVERSION = YES_AGGRESSIVE;
				CLANG_CXX_LANGUAGE_STANDARD = "gnu++14";
				CLANG_CXX_LIBRARY = "libc++";
				CLANG_ENABLE_MODULES = YES;
				CLANG_ENABLE_OBJC_ARC = YES;
				CLANG_WARN_BLOCK_CAPTURE_AUTORELEASING = YES;
				CLANG_WARN_BOOL_CONVERSION = YES;
				CLANG_WARN_COMMA = YES;
				CLANG_WARN_CONSTANT_CONVERSION = YES;
				CLANG_WARN_DIRECT_OBJC_ISA_USAGE = YES_ERROR;
				CLANG_WARN_DOCUMENTATION_COMMENTS = YES;
				CLANG_WARN_EMPTY_BODY = YES;
				CLANG_WARN_ENUM_CONVERSION = YES;
				CLANG_WARN_INFINITE_RECURSION = YES;
				CLANG_WARN_INT_CONVERSION = YES;
				CLANG_WARN_NON_LITERAL_NULL_CONVERSION = YES;
				CLANG_WARN_OBJC_LITERAL_CONVERSION = YES;
				CLANG_WARN_OBJC_ROOT_CLASS = YES_ERROR;
				CLANG_WARN_RANGE_LOOP_ANALYSIS = YES;
				CLANG_WARN_STRICT_PROTOTYPES = YES;
				CLANG_WARN_SUSPICIOUS_MOVE = YES;
				CLANG_WARN_UNGUARDED_AVAILABILITY = YES_AGGRESSIVE;
				CLANG_WARN_UNREACHABLE_CODE = YES;
				CLANG_WARN__DUPLICATE_METHOD_MATCH = YES;
				CODE_SIGN_IDENTITY = "iPhone Developer";
				COPY_PHASE_STRIP = NO;
				DEBUG_INFORMATION_FORMAT = dwarf;
				ENABLE_STRICT_OBJC_MSGSEND = YES;
				ENABLE_TESTABILITY = YES;
				GCC_C_LANGUAGE_STANDARD = gnu11;
				GCC_DYNAMIC_NO_PIC = NO;
				GCC_NO_COMMON_BLOCKS = YES;
				GCC_OPTIMIZATION_LEVEL = 0;
				GCC_PREPROCESSOR_DEFINITIONS = (
					"DEBUG=1",
					"$(inherited)",
				);
				GCC_WARN_64_TO_32_BIT_CONVERSION = YES;
				GCC_WARN_ABOUT_RETURN_TYPE = YES_ERROR;
				GCC_WARN_UNDECLARED_SELECTOR = YES;
				GCC_WARN_UNINITIALIZED_AUTOS = YES_AGGRESSIVE;
				GCC_WARN_UNUSED_FUNCTION = YES;
				GCC_WARN_UNUSED_VARIABLE = YES;
				IPHONEOS_DEPLOYMENT_TARGET = 11.2;
				MTL_ENABLE_DEBUG_INFO = YES;
				ONLY_ACTIVE_ARCH = YES;
				SDKROOT = iphoneos;
				SWIFT_ACTIVE_COMPILATION_CONDITIONS = DEBUG;
				SWIFT_OPTIMIZATION_LEVEL = "-Onone";
			};
			name = Debug;
		};
		EF2CB6D120AB876000AC35AB /* Release */ = {
			isa = XCBuildConfiguration;
			buildSettings = {
				ALWAYS_SEARCH_USER_PATHS = NO;
				CLANG_ANALYZER_NONNULL = YES;
				CLANG_ANALYZER_NUMBER_OBJECT_CONVERSION = YES_AGGRESSIVE;
				CLANG_CXX_LANGUAGE_STANDARD = "gnu++14";
				CLANG_CXX_LIBRARY = "libc++";
				CLANG_ENABLE_MODULES = YES;
				CLANG_ENABLE_OBJC_ARC = YES;
				CLANG_WARN_BLOCK_CAPTURE_AUTORELEASING = YES;
				CLANG_WARN_BOOL_CONVERSION = YES;
				CLANG_WARN_COMMA = YES;
				CLANG_WARN_CONSTANT_CONVERSION = YES;
				CLANG_WARN_DIRECT_OBJC_ISA_USAGE = YES_ERROR;
				CLANG_WARN_DOCUMENTATION_COMMENTS = YES;
				CLANG_WARN_EMPTY_BODY = YES;
				CLANG_WARN_ENUM_CONVERSION = YES;
				CLANG_WARN_INFINITE_RECURSION = YES;
				CLANG_WARN_INT_CONVERSION = YES;
				CLANG_WARN_NON_LITERAL_NULL_CONVERSION = YES;
				CLANG_WARN_OBJC_LITERAL_CONVERSION = YES;
				CLANG_WARN_OBJC_ROOT_CLASS = YES_ERROR;
				CLANG_WARN_RANGE_LOOP_ANALYSIS = YES;
				CLANG_WARN_STRICT_PROTOTYPES = YES;
				CLANG_WARN_SUSPICIOUS_MOVE = YES;
				CLANG_WARN_UNGUARDED_AVAILABILITY = YES_AGGRESSIVE;
				CLANG_WARN_UNREACHABLE_CODE = YES;
				CLANG_WARN__DUPLICATE_METHOD_MATCH = YES;
				CODE_SIGN_IDENTITY = "iPhone Developer";
				COPY_PHASE_STRIP = NO;
				DEBUG_INFORMATION_FORMAT = "dwarf-with-dsym";
				ENABLE_NS_ASSERTIONS = NO;
				ENABLE_STRICT_OBJC_MSGSEND = YES;
				GCC_C_LANGUAGE_STANDARD = gnu11;
				GCC_NO_COMMON_BLOCKS = YES;
				GCC_WARN_64_TO_32_BIT_CONVERSION = YES;
				GCC_WARN_ABOUT_RETURN_TYPE = YES_ERROR;
				GCC_WARN_UNDECLARED_SELECTOR = YES;
				GCC_WARN_UNINITIALIZED_AUTOS = YES_AGGRESSIVE;
				GCC_WARN_UNUSED_FUNCTION = YES;
				GCC_WARN_UNUSED_VARIABLE = YES;
				IPHONEOS_DEPLOYMENT_TARGET = 11.2;
				MTL_ENABLE_DEBUG_INFO = NO;
				SDKROOT = iphoneos;
				SWIFT_OPTIMIZATION_LEVEL = "-Owholemodule";
				VALIDATE_PRODUCT = YES;
			};
			name = Release;
		};
		EF2CB6D320AB876000AC35AB /* Debug */ = {
			isa = XCBuildConfiguration;
			buildSettings = {
				ASSETCATALOG_COMPILER_APPICON_NAME = AppIcon;
				CODE_SIGN_STYLE = Automatic;
				INFOPLIST_FILE = "Axios Excercise/Info.plist";
				LD_RUNPATH_SEARCH_PATHS = "$(inherited) @executable_path/Frameworks";
				PRODUCT_BUNDLE_IDENTIFIER = "jake-dunahee.Axios-Excercise";
				PRODUCT_NAME = "$(TARGET_NAME)";
				SWIFT_VERSION = 4.0;
				TARGETED_DEVICE_FAMILY = "1,2";
			};
			name = Debug;
		};
		EF2CB6D420AB876000AC35AB /* Release */ = {
			isa = XCBuildConfiguration;
			buildSettings = {
				ASSETCATALOG_COMPILER_APPICON_NAME = AppIcon;
				CODE_SIGN_STYLE = Automatic;
				INFOPLIST_FILE = "Axios Excercise/Info.plist";
				LD_RUNPATH_SEARCH_PATHS = "$(inherited) @executable_path/Frameworks";
				PRODUCT_BUNDLE_IDENTIFIER = "jake-dunahee.Axios-Excercise";
				PRODUCT_NAME = "$(TARGET_NAME)";
				SWIFT_VERSION = 4.0;
				TARGETED_DEVICE_FAMILY = "1,2";
			};
			name = Release;
		};
/* End XCBuildConfiguration section */

/* Begin XCConfigurationList section */
		EF2CB6BB20AB875F00AC35AB /* Build configuration list for PBXProject "Axios Excercise" */ = {
			isa = XCConfigurationList;
			buildConfigurations = (
				EF2CB6D020AB876000AC35AB /* Debug */,
				EF2CB6D120AB876000AC35AB /* Release */,
			);
			defaultConfigurationIsVisible = 0;
			defaultConfigurationName = Release;
		};
		EF2CB6D220AB876000AC35AB /* Build configuration list for PBXNativeTarget "Axios Excercise" */ = {
			isa = XCConfigurationList;
			buildConfigurations = (
				EF2CB6D320AB876000AC35AB /* Debug */,
				EF2CB6D420AB876000AC35AB /* Release */,
			);
			defaultConfigurationIsVisible = 0;
			defaultConfigurationName = Release;
		};
/* End XCConfigurationList section */
	};
	rootObject = EF2CB6B820AB875F00AC35AB /* Project object */;
}
